
Microsoft Visual Studio Solution File, Format Version 12.00
# Visual Studio 15
Project("{FAE04EC0-301F-11D3-BF4B-00C04F79EFBC}") = "Test1Lib", "Test1Lib\Test1Lib.csproj", "{921CB906-1596-4BAF-BA07-D2DBB61719BD}"
EndProject
Project("{FAE04EC0-301F-11D3-BF4B-00C04F79EFBC}") = "Test1Console", "Test1Console\Test1Console.csproj", "{3880DB64-9886-476B-A35F-6B96B9385D59}"
EndProject
Project("{FAE04EC0-301F-11D3-BF4B-00C04F79EFBC}") = "Test1Dic", "Test1Dic\Test1Dic.csproj", "{04D562D5-5F25-4DB8-BCA3-044FD155D93A}"
EndProject
Project("{FAE04EC0-301F-11D3-BF4B-00C04F79EFBC}") = "Test1Overload", "Test1Overload\Test1Overload.csproj", "{100BA6A1-8194-4AF0-A0E5-114A76B6935A}"
EndProject
Project("{2150E333-8FDC-42A3-9474-1A3956D46DE8}") = "Hjemmeopgave", "Hjemmeopgave", "{2B5CBEF3-E79E-4E07-89D8-4EEE2BC0D6A5}"
EndProject
Project("{FAE04EC0-301F-11D3-BF4B-00C04F79EFBC}") = "School", "School\School.csproj", "{A954A649-71D5-460E-A1C7-36CF3BF2A050}"
EndProject
Project("{FAE04EC0-301F-11D3-BF4B-00C04F79EFBC}") = "SchoolTest", "School\SchoolTest\SchoolTest.csproj", "{907144AF-1536-470D-B771-0F77BE54D101}"
EndProject
Project("{FAE04EC0-301F-11D3-BF4B-00C04F79EFBC}") = "Test1Abstract", "Test1Abstract\Test1Abstract.csproj", "{8EC2B858-08DB-4DFF-8CC9-E1866E59B21E}"
EndProject
Project("{FAE04EC0-301F-11D3-BF4B-00C04F79EFBC}") = "GuessANumber", "GuessANumber\GuessANumber.csproj", "{1750AF98-518B-4056-A653-5E7B099C3639}"
EndProject
Project("{FAE04EC0-301F-11D3-BF4B-00C04F79EFBC}") = "Delegate", "Delegate\Delegate.csproj", "{E832DECF-6B42-4E72-A63F-30D63B837048}"
EndProject
Project("{FAE04EC0-301F-11D3-BF4B-00C04F79EFBC}") = "GuessANumberTest", "GuessANumberTest\GuessANumberTest.csproj", "{9DC11326-880E-41E4-B58D-440496E72F7D}"
EndProject
Project("{FAE04EC0-301F-11D3-BF4B-00C04F79EFBC}") = "Lambda", "Lambda\Lambda.csproj", "{3CD41525-746A-4006-80E4-83FC436BFD14}"
EndProject
Global
	GlobalSection(SolutionConfigurationPlatforms) = preSolution
		Debug|Any CPU = Debug|Any CPU
		Release|Any CPU = Release|Any CPU
	EndGlobalSection
	GlobalSection(ProjectConfigurationPlatforms) = postSolution
		{921CB906-1596-4BAF-BA07-D2DBB61719BD}.Debug|Any CPU.ActiveCfg = Debug|Any CPU
		{921CB906-1596-4BAF-BA07-D2DBB61719BD}.Debug|Any CPU.Build.0 = Debug|Any CPU
		{921CB906-1596-4BAF-BA07-D2DBB61719BD}.Release|Any CPU.ActiveCfg = Release|Any CPU
		{921CB906-1596-4BAF-BA07-D2DBB61719BD}.Release|Any CPU.Build.0 = Release|Any CPU
		{3880DB64-9886-476B-A35F-6B96B9385D59}.Debug|Any CPU.ActiveCfg = Debug|Any CPU
		{3880DB64-9886-476B-A35F-6B96B9385D59}.Debug|Any CPU.Build.0 = Debug|Any CPU
		{3880DB64-9886-476B-A35F-6B96B9385D59}.Release|Any CPU.ActiveCfg = Release|Any CPU
		{3880DB64-9886-476B-A35F-6B96B9385D59}.Release|Any CPU.Build.0 = Release|Any CPU
		{04D562D5-5F25-4DB8-BCA3-044FD155D93A}.Debug|Any CPU.ActiveCfg = Debug|Any CPU
		{04D562D5-5F25-4DB8-BCA3-044FD155D93A}.Debug|Any CPU.Build.0 = Debug|Any CPU
		{04D562D5-5F25-4DB8-BCA3-044FD155D93A}.Release|Any CPU.ActiveCfg = Release|Any CPU
		{04D562D5-5F25-4DB8-BCA3-044FD155D93A}.Release|Any CPU.Build.0 = Release|Any CPU
		{100BA6A1-8194-4AF0-A0E5-114A76B6935A}.Debug|Any CPU.ActiveCfg = Debug|Any CPU
		{100BA6A1-8194-4AF0-A0E5-114A76B6935A}.Debug|Any CPU.Build.0 = Debug|Any CPU
		{100BA6A1-8194-4AF0-A0E5-114A76B6935A}.Release|Any CPU.ActiveCfg = Release|Any CPU
		{100BA6A1-8194-4AF0-A0E5-114A76B6935A}.Release|Any CPU.Build.0 = Release|Any CPU
		{A954A649-71D5-460E-A1C7-36CF3BF2A050}.Debug|Any CPU.ActiveCfg = Debug|Any CPU
		{A954A649-71D5-460E-A1C7-36CF3BF2A050}.Debug|Any CPU.Build.0 = Debug|Any CPU
		{A954A649-71D5-460E-A1C7-36CF3BF2A050}.Release|Any CPU.ActiveCfg = Release|Any CPU
		{A954A649-71D5-460E-A1C7-36CF3BF2A050}.Release|Any CPU.Build.0 = Release|Any CPU
		{907144AF-1536-470D-B771-0F77BE54D101}.Debug|Any CPU.ActiveCfg = Debug|Any CPU
		{907144AF-1536-470D-B771-0F77BE54D101}.Debug|Any CPU.Build.0 = Debug|Any CPU
		{907144AF-1536-470D-B771-0F77BE54D101}.Release|Any CPU.ActiveCfg = Release|Any CPU
		{907144AF-1536-470D-B771-0F77BE54D101}.Release|Any CPU.Build.0 = Release|Any CPU
		{8EC2B858-08DB-4DFF-8CC9-E1866E59B21E}.Debug|Any CPU.ActiveCfg = Debug|Any CPU
		{8EC2B858-08DB-4DFF-8CC9-E1866E59B21E}.Debug|Any CPU.Build.0 = Debug|Any CPU
		{8EC2B858-08DB-4DFF-8CC9-E1866E59B21E}.Release|Any CPU.ActiveCfg = Release|Any CPU
		{8EC2B858-08DB-4DFF-8CC9-E1866E59B21E}.Release|Any CPU.Build.0 = Release|Any CPU
		{1750AF98-518B-4056-A653-5E7B099C3639}.Debug|Any CPU.ActiveCfg = Debug|Any CPU
		{1750AF98-518B-4056-A653-5E7B099C3639}.Debug|Any CPU.Build.0 = Debug|Any CPU
		{1750AF98-518B-4056-A653-5E7B099C3639}.Release|Any CPU.ActiveCfg = Release|Any CPU
		{1750AF98-518B-4056-A653-5E7B099C3639}.Release|Any CPU.Build.0 = Release|Any CPU
		{E832DECF-6B42-4E72-A63F-30D63B837048}.Debug|Any CPU.ActiveCfg = Debug|Any CPU
		{E832DECF-6B42-4E72-A63F-30D63B837048}.Debug|Any CPU.Build.0 = Debug|Any CPU
		{E832DECF-6B42-4E72-A63F-30D63B837048}.Release|Any CPU.ActiveCfg = Release|Any CPU
		{E832DECF-6B42-4E72-A63F-30D63B837048}.Release|Any CPU.Build.0 = Release|Any CPU
		{9DC11326-880E-41E4-B58D-440496E72F7D}.Debug|Any CPU.ActiveCfg = Debug|Any CPU
		{9DC11326-880E-41E4-B58D-440496E72F7D}.Debug|Any CPU.Build.0 = Debug|Any CPU
		{9DC11326-880E-41E4-B58D-440496E72F7D}.Release|Any CPU.ActiveCfg = Release|Any CPU
		{9DC11326-880E-41E4-B58D-440496E72F7D}.Release|Any CPU.Build.0 = Release|Any CPU
		{3CD41525-746A-4006-80E4-83FC436BFD14}.Debug|Any CPU.ActiveCfg = Debug|Any CPU
		{3CD41525-746A-4006-80E4-83FC436BFD14}.Debug|Any CPU.Build.0 = Debug|Any CPU
		{3CD41525-746A-4006-80E4-83FC436BFD14}.Release|Any CPU.ActiveCfg = Release|Any CPU
		{3CD41525-746A-4006-80E4-83FC436BFD14}.Release|Any CPU.Build.0 = Release|Any CPU
	EndGlobalSection
	GlobalSection(NestedProjects) = preSolution
		{A954A649-71D5-460E-A1C7-36CF3BF2A050} = {2B5CBEF3-E79E-4E07-89D8-4EEE2BC0D6A5}
		{907144AF-1536-470D-B771-0F77BE54D101} = {2B5CBEF3-E79E-4E07-89D8-4EEE2BC0D6A5}
	EndGlobalSection
EndGlobal
